// !$*UTF8*$!
{
	archiveVersion = 1;
	classes = {
	};
	objectVersion = 48;
	objects = {

/* Begin PBXBuildFile section */
		5F58B623239B437200E6B2B5 /* AppDelegate.swift in Sources */ = {isa = PBXBuildFile; fileRef = 5F58B622239B437200E6B2B5 /* AppDelegate.swift */; };
		5F58B628239B437200E6B2B5 /* Main.storyboard in Resources */ = {isa = PBXBuildFile; fileRef = 5F58B626239B437200E6B2B5 /* Main.storyboard */; };
		5F58B62A239B437200E6B2B5 /* Assets.xcassets in Resources */ = {isa = PBXBuildFile; fileRef = 5F58B629239B437200E6B2B5 /* Assets.xcassets */; };
		5F58B62D239B437200E6B2B5 /* LaunchScreen.storyboard in Resources */ = {isa = PBXBuildFile; fileRef = 5F58B62B239B437200E6B2B5 /* LaunchScreen.storyboard */; };
		5F58B635239B454800E6B2B5 /* TabBarController.swift in Sources */ = {isa = PBXBuildFile; fileRef = 5F58B634239B454800E6B2B5 /* TabBarController.swift */; };
/* End PBXBuildFile section */

/* Begin PBXFileReference section */
		5F58B61F239B437100E6B2B5 /* ComicApp.app */ = {isa = PBXFileReference; explicitFileType = wrapper.application; includeInIndex = 0; path = ComicApp.app; sourceTree = BUILT_PRODUCTS_DIR; };
		5F58B622239B437200E6B2B5 /* AppDelegate.swift */ = {isa = PBXFileReference; lastKnownFileType = sourcecode.swift; path = AppDelegate.swift; sourceTree = "<group>"; };
		5F58B627239B437200E6B2B5 /* Base */ = {isa = PBXFileReference; lastKnownFileType = file.storyboard; name = Base; path = Base.lproj/Main.storyboard; sourceTree = "<group>"; };
		5F58B629239B437200E6B2B5 /* Assets.xcassets */ = {isa = PBXFileReference; lastKnownFileType = folder.assetcatalog; path = Assets.xcassets; sourceTree = "<group>"; };
		5F58B62C239B437200E6B2B5 /* Base */ = {isa = PBXFileReference; lastKnownFileType = file.storyboard; name = Base; path = Base.lproj/LaunchScreen.storyboard; sourceTree = "<group>"; };
		5F58B62E239B437200E6B2B5 /* Info.plist */ = {isa = PBXFileReference; lastKnownFileType = text.plist.xml; path = Info.plist; sourceTree = "<group>"; };
		5F58B634239B454800E6B2B5 /* TabBarController.swift */ = {isa = PBXFileReference; lastKnownFileType = sourcecode.swift; path = TabBarController.swift; sourceTree = "<group>"; };
/* End PBXFileReference section */

/* Begin PBXFrameworksBuildPhase section */
		5F58B61C239B437100E6B2B5 /* Frameworks */ = {
			isa = PBXFrameworksBuildPhase;
			buildActionMask = 2147483647;
			files = (
			);
			runOnlyForDeploymentPostprocessing = 0;
		};
/* End PBXFrameworksBuildPhase section */

/* Begin PBXGroup section */
		5F58B616239B437100E6B2B5 = {
			isa = PBXGroup;
			children = (
				5F58B621239B437100E6B2B5 /* ComicApp */,
				5F58B620239B437100E6B2B5 /* Products */,
			);
			sourceTree = "<group>";
		};
		5F58B620239B437100E6B2B5 /* Products */ = {
			isa = PBXGroup;
			children = (
				5F58B61F239B437100E6B2B5 /* ComicApp.app */,
			);
			name = Products;
			sourceTree = "<group>";
		};
		5F58B621239B437100E6B2B5 /* ComicApp */ = {
			isa = PBXGroup;
			children = (
				5F58B622239B437200E6B2B5 /* AppDelegate.swift */,
				5F58B626239B437200E6B2B5 /* Main.storyboard */,
				5F58B629239B437200E6B2B5 /* Assets.xcassets */,
				5F58B62B239B437200E6B2B5 /* LaunchScreen.storyboard */,
				5F58B62E239B437200E6B2B5 /* Info.plist */,
				5F58B634239B454800E6B2B5 /* TabBarController.swift */,
			);
			path = ComicApp;
			sourceTree = "<group>";
		};
/* End PBXGroup section */

/* Begin PBXNativeTarget section */
		5F58B61E239B437100E6B2B5 /* ComicApp */ = {
			isa = PBXNativeTarget;
			buildConfigurationList = 5F58B631239B437200E6B2B5 /* Build configuration list for PBXNativeTarget "ComicApp" */;
			buildPhases = (
				5F58B61B239B437100E6B2B5 /* Sources */,
				5F58B61C239B437100E6B2B5 /* Frameworks */,
				5F58B61D239B437100E6B2B5 /* Resources */,
			);
			buildRules = (
			);
			dependencies = (
			);
			name = ComicApp;
			productName = ComicApp;
			productReference = 5F58B61F239B437100E6B2B5 /* ComicApp.app */;
			productType = "com.apple.product-type.application";
		};
/* End PBXNativeTarget section */

/* Begin PBXProject section */
		5F58B617239B437100E6B2B5 /* Project object */ = {
			isa = PBXProject;
			attributes = {
				LastSwiftUpdateCheck = 0920;
				LastUpgradeCheck = 0920;
				ORGANIZATIONNAME = "Le Van Anh";
				TargetAttributes = {
					5F58B61E239B437100E6B2B5 = {
						CreatedOnToolsVersion = 9.2;
						ProvisioningStyle = Automatic;
					};
				};
			};
			buildConfigurationList = 5F58B61A239B437100E6B2B5 /* Build configuration list for PBXProject "ComicApp" */;
			compatibilityVersion = "Xcode 8.0";
			developmentRegion = en;
			hasScannedForEncodings = 0;
			knownRegions = (
				en,
				Base,
			);
			mainGroup = 5F58B616239B437100E6B2B5;
			productRefGroup = 5F58B620239B437100E6B2B5 /* Products */;
			projectDirPath = "";
			projectRoot = "";
			targets = (
				5F58B61E239B437100E6B2B5 /* ComicApp */,
			);
		};
/* End PBXProject section */

/* Begin PBXResourcesBuildPhase section */
		5F58B61D239B437100E6B2B5 /* Resources */ = {
			isa = PBXResourcesBuildPhase;
			buildActionMask = 2147483647;
			files = (
				5F58B62D239B437200E6B2B5 /* LaunchScreen.storyboard in Resources */,
				5F58B62A239B437200E6B2B5 /* Assets.xcassets in Resources */,
				5F58B628239B437200E6B2B5 /* Main.storyboard in Resources */,
			);
			runOnlyForDeploymentPostprocessing = 0;
		};
/* End PBXResourcesBuildPhase section */

/* Begin PBXSourcesBuildPhase section */
		5F58B61B239B437100E6B2B5 /* Sources */ = {
			isa = PBXSourcesBuildPhase;
			buildActionMask = 2147483647;
			files = (
				5F58B623239B437200E6B2B5 /* AppDelegate.swift in Sources */,
				5F58B635239B454800E6B2B5 /* TabBarController.swift in Sources */,
			);
			runOnlyForDeploymentPostprocessing = 0;
		};
/* End PBXSourcesBuildPhase section */

/* Begin PBXVariantGroup section */
		5F58B626239B437200E6B2B5 /* Main.storyboard */ = {
			isa = PBXVariantGroup;
			children = (
				5F58B627239B437200E6B2B5 /* Base */,
			);
			name = Main.storyboard;
			sourceTree = "<group>";
		};
		5F58B62B239B437200E6B2B5 /* LaunchScreen.storyboard */ = {
			isa = PBXVariantGroup;
			children = (
				5F58B62C239B437200E6B2B5 /* Base */,
			);
			name = LaunchScreen.storyboard;
			sourceTree = "<group>";
		};
/* End PBXVariantGroup section */

/* Begin XCBuildConfiguration section */
		5F58B62F239B437200E6B2B5 /* Debug */ = {
			isa = XCBuildConfiguration;
			buildSettings = {
				ALWAYS_SEARCH_USER_PATHS = NO;
				CLANG_ANALYZER_NONNULL = YES;
				CLANG_ANALYZER_NUMBER_OBJECT_CONVERSION = YES_AGGRESSIVE;
				CLANG_CXX_LANGUAGE_STANDARD = "gnu++14";
				CLANG_CXX_LIBRARY = "libc++";
				CLANG_ENABLE_MODULES = YES;
				CLANG_ENABLE_OBJC_ARC = YES;
				CLANG_WARN_BLOCK_CAPTURE_AUTORELEASING = YES;
				CLANG_WARN_BOOL_CONVERSION = YES;
				CLANG_WARN_COMMA = YES;
				CLANG_WARN_CONSTANT_CONVERSION = YES;
				CLANG_WARN_DIRECT_OBJC_ISA_USAGE = YES_ERROR;
				CLANG_WARN_DOCUMENTATION_COMMENTS = YES;
				CLANG_WARN_EMPTY_BODY = YES;
				CLANG_WARN_ENUM_CONVERSION = YES;
				CLANG_WARN_INFINITE_RECURSION = YES;
				CLANG_WARN_INT_CONVERSION = YES;
				CLANG_WARN_NON_LITERAL_NULL_CONVERSION = YES;
				CLANG_WARN_OBJC_LITERAL_CONVERSION = YES;
				CLANG_WARN_OBJC_ROOT_CLASS = YES_ERROR;
				CLANG_WARN_RANGE_LOOP_ANALYSIS = YES;
				CLANG_WARN_STRICT_PROTOTYPES = YES;
				CLANG_WARN_SUSPICIOUS_MOVE = YES;
				CLANG_WARN_UNGUARDED_AVAILABILITY = YES_AGGRESSIVE;
				CLANG_WARN_UNREACHABLE_CODE = YES;
				CLANG_WARN__DUPLICATE_METHOD_MATCH = YES;
				CODE_SIGN_IDENTITY = "iPhone Developer";
				COPY_PHASE_STRIP = NO;
				DEBUG_INFORMATION_FORMAT = dwarf;
				ENABLE_STRICT_OBJC_MSGSEND = YES;
				ENABLE_TESTABILITY = YES;
				GCC_C_LANGUAGE_STANDARD = gnu11;
				GCC_DYNAMIC_NO_PIC = NO;
				GCC_NO_COMMON_BLOCKS = YES;
				GCC_OPTIMIZATION_LEVEL = 0;
				GCC_PREPROCESSOR_DEFINITIONS = (
					"DEBUG=1",
					"$(inherited)",
				);
				GCC_WARN_64_TO_32_BIT_CONVERSION = YES;
				GCC_WARN_ABOUT_RETURN_TYPE = YES_ERROR;
				GCC_WARN_UNDECLARED_SELECTOR = YES;
				GCC_WARN_UNINITIALIZED_AUTOS = YES_AGGRESSIVE;
				GCC_WARN_UNUSED_FUNCTION = YES;
				GCC_WARN_UNUSED_VARIABLE = YES;
				IPHONEOS_DEPLOYMENT_TARGET = 11.2;
				MTL_ENABLE_DEBUG_INFO = YES;
				ONLY_ACTIVE_ARCH = YES;
				SDKROOT = iphoneos;
				SWIFT_ACTIVE_COMPILATION_CONDITIONS = DEBUG;
				SWIFT_OPTIMIZATION_LEVEL = "-Onone";
			};
			name = Debug;
		};
		5F58B630239B437200E6B2B5 /* Release */ = {
			isa = XCBuildConfiguration;
			buildSettings = {
				ALWAYS_SEARCH_USER_PATHS = NO;
				CLANG_ANALYZER_NONNULL = YES;
				CLANG_ANALYZER_NUMBER_OBJECT_CONVERSION = YES_AGGRESSIVE;
				CLANG_CXX_LANGUAGE_STANDARD = "gnu++14";
				CLANG_CXX_LIBRARY = "libc++";
				CLANG_ENABLE_MODULES = YES;
				CLANG_ENABLE_OBJC_ARC = YES;
				CLANG_WARN_BLOCK_CAPTURE_AUTORELEASING = YES;
				CLANG_WARN_BOOL_CONVERSION = YES;
				CLANG_WARN_COMMA = YES;
				CLANG_WARN_CONSTANT_CONVERSION = YES;
				CLANG_WARN_DIRECT_OBJC_ISA_USAGE = YES_ERROR;
				CLANG_WARN_DOCUMENTATION_COMMENTS = YES;
				CLANG_WARN_EMPTY_BODY = YES;
				CLANG_WARN_ENUM_CONVERSION = YES;
				CLANG_WARN_INFINITE_RECURSION = YES;
				CLANG_WARN_INT_CONVERSION = YES;
				CLANG_WARN_NON_LITERAL_NULL_CONVERSION = YES;
				CLANG_WARN_OBJC_LITERAL_CONVERSION = YES;
				CLANG_WARN_OBJC_ROOT_CLASS = YES_ERROR;
				CLANG_WARN_RANGE_LOOP_ANALYSIS = YES;
				CLANG_WARN_STRICT_PROTOTYPES = YES;
				CLANG_WARN_SUSPICIOUS_MOVE = YES;
				CLANG_WARN_UNGUARDED_AVAILABILITY = YES_AGGRESSIVE;
				CLANG_WARN_UNREACHABLE_CODE = YES;
				CLANG_WARN__DUPLICATE_METHOD_MATCH = YES;
				CODE_SIGN_IDENTITY = "iPhone Developer";
				COPY_PHASE_STRIP = NO;
				DEBUG_INFORMATION_FORMAT = "dwarf-with-dsym";
				ENABLE_NS_ASSERTIONS = NO;
				ENABLE_STRICT_OBJC_MSGSEND = YES;
				GCC_C_LANGUAGE_STANDARD = gnu11;
				GCC_NO_COMMON_BLOCKS = YES;
				GCC_WARN_64_TO_32_BIT_CONVERSION = YES;
				GCC_WARN_ABOUT_RETURN_TYPE = YES_ERROR;
				GCC_WARN_UNDECLARED_SELECTOR = YES;
				GCC_WARN_UNINITIALIZED_AUTOS = YES_AGGRESSIVE;
				GCC_WARN_UNUSED_FUNCTION = YES;
				GCC_WARN_UNUSED_VARIABLE = YES;
				IPHONEOS_DEPLOYMENT_TARGET = 11.2;
				MTL_ENABLE_DEBUG_INFO = NO;
				SDKROOT = iphoneos;
				SWIFT_OPTIMIZATION_LEVEL = "-Owholemodule";
				VALIDATE_PRODUCT = YES;
			};
			name = Release;
		};
		5F58B632239B437200E6B2B5 /* Debug */ = {
			isa = XCBuildConfiguration;
			buildSettings = {
				ASSETCATALOG_COMPILER_APPICON_NAME = AppIcon;
				CODE_SIGN_STYLE = Automatic;
				INFOPLIST_FILE = ComicApp/Info.plist;
				LD_RUNPATH_SEARCH_PATHS = "$(inherited) @executable_path/Frameworks";
				PRODUCT_BUNDLE_IDENTIFIER = "ios-75-82.ComicApp";
				PRODUCT_NAME = "$(TARGET_NAME)";
				SWIFT_VERSION = 4.0;
				TARGETED_DEVICE_FAMILY = "1,2";
			};
			name = Debug;
		};
		5F58B633239B437200E6B2B5 /* Release */ = {
			isa = XCBuildConfiguration;
			buildSettings = {
				ASSETCATALOG_COMPILER_APPICON_NAME = AppIcon;
				CODE_SIGN_STYLE = Automatic;
				INFOPLIST_FILE = ComicApp/Info.plist;
				LD_RUNPATH_SEARCH_PATHS = "$(inherited) @executable_path/Frameworks";
				PRODUCT_BUNDLE_IDENTIFIER = "ios-75-82.ComicApp";
				PRODUCT_NAME = "$(TARGET_NAME)";
				SWIFT_VERSION = 4.0;
				TARGETED_DEVICE_FAMILY = "1,2";
			};
			name = Release;
		};
/* End XCBuildConfiguration section */

/* Begin XCConfigurationList section */
		5F58B61A239B437100E6B2B5 /* Build configuration list for PBXProject "ComicApp" */ = {
			isa = XCConfigurationList;
			buildConfigurations = (
				5F58B62F239B437200E6B2B5 /* Debug */,
				5F58B630239B437200E6B2B5 /* Release */,
			);
			defaultConfigurationIsVisible = 0;
			defaultConfigurationName = Release;
		};
		5F58B631239B437200E6B2B5 /* Build configuration list for PBXNativeTarget "ComicApp" */ = {
			isa = XCConfigurationList;
			buildConfigurations = (
				5F58B632239B437200E6B2B5 /* Debug */,
				5F58B633239B437200E6B2B5 /* Release */,
			);
			defaultConfigurationIsVisible = 0;
			defaultConfigurationName = Release;
		};
/* End XCConfigurationList section */
	};
	rootObject = 5F58B617239B437100E6B2B5 /* Project object */;
}
