// !$*UTF8*$!
{
	archiveVersion = 1;
	classes = {
	};
	objectVersion = 51;
	objects = {

/* Begin PBXBuildFile section */
		5F02595B239FD7A40023FA30 /* TabBarController.swift in Sources */ = {isa = PBXBuildFile; fileRef = 5F02595A239FD7A40023FA30 /* TabBarController.swift */; };
		5F88C0C2239E855100297359 /* GoogleService-Info.plist in Resources */ = {isa = PBXBuildFile; fileRef = 5F88C0C1239E855000297359 /* GoogleService-Info.plist */; };
		5F88C0CD239E91B200297359 /* LoginViewController.swift in Sources */ = {isa = PBXBuildFile; fileRef = 5F88C0CC239E91B200297359 /* LoginViewController.swift */; };
		5F88C0CF239E91DB00297359 /* SignUpViewController.swift in Sources */ = {isa = PBXBuildFile; fileRef = 5F88C0CE239E91DB00297359 /* SignUpViewController.swift */; };
		5F88C0D1239E920E00297359 /* AccountViewController.swift in Sources */ = {isa = PBXBuildFile; fileRef = 5F88C0D0239E920E00297359 /* AccountViewController.swift */; };
		5FB1E9AA23A9298D00316828 /* EditAccountViewController.swift in Sources */ = {isa = PBXBuildFile; fileRef = 5FB1E9A923A9298C00316828 /* EditAccountViewController.swift */; };
		5FB1E9AC23A929BA00316828 /* ChangePasswordViewController.swift in Sources */ = {isa = PBXBuildFile; fileRef = 5FB1E9AB23A929BA00316828 /* ChangePasswordViewController.swift */; };
		5FDCA811239F9BEC00FEC38E /* Utilities.swift in Sources */ = {isa = PBXBuildFile; fileRef = 5FDCA810239F9BEC00FEC38E /* Utilities.swift */; };
		5FDCA813239F9C2000FEC38E /* User.swift in Sources */ = {isa = PBXBuildFile; fileRef = 5FDCA812239F9C2000FEC38E /* User.swift */; };
		5FE05578239C26F30000F144 /* AppDelegate.swift in Sources */ = {isa = PBXBuildFile; fileRef = 5FE05577239C26F30000F144 /* AppDelegate.swift */; };
		5FE0557A239C26F30000F144 /* SceneDelegate.swift in Sources */ = {isa = PBXBuildFile; fileRef = 5FE05579239C26F30000F144 /* SceneDelegate.swift */; };
		5FE0557C239C26F30000F144 /* ViewController.swift in Sources */ = {isa = PBXBuildFile; fileRef = 5FE0557B239C26F30000F144 /* ViewController.swift */; };
		5FE0557F239C26F30000F144 /* Main.storyboard in Resources */ = {isa = PBXBuildFile; fileRef = 5FE0557D239C26F30000F144 /* Main.storyboard */; };
		5FE05581239C27760000F144 /* Assets.xcassets in Resources */ = {isa = PBXBuildFile; fileRef = 5FE05580239C27760000F144 /* Assets.xcassets */; };
		5FE05584239C27770000F144 /* LaunchScreen.storyboard in Resources */ = {isa = PBXBuildFile; fileRef = 5FE05582239C27770000F144 /* LaunchScreen.storyboard */; };
		813087958ADADB0B228F7226 /* Pods_ComicApp.framework in Frameworks */ = {isa = PBXBuildFile; fileRef = CA689EF98AEB5FF695E81ED7 /* Pods_ComicApp.framework */; };
		CD2D4C3F23A07E97005B049E /* InfoViewController.swift in Sources */ = {isa = PBXBuildFile; fileRef = CD2D4C3E23A07E97005B049E /* InfoViewController.swift */; };
		CD2D4C4123A07F3D005B049E /* Comic.swift in Sources */ = {isa = PBXBuildFile; fileRef = CD2D4C4023A07F3D005B049E /* Comic.swift */; };
		CD2D4C4323A08534005B049E /* ChapterViewController.swift in Sources */ = {isa = PBXBuildFile; fileRef = CD2D4C4223A08534005B049E /* ChapterViewController.swift */; };
		CDE8CA7C23A9B44000ED87F1 /* ShowChapViewController.swift in Sources */ = {isa = PBXBuildFile; fileRef = CDE8CA7B23A9B44000ED87F1 /* ShowChapViewController.swift */; };
		CDEE422723A04CCC00C57D87 /* ReadViewController.swift in Sources */ = {isa = PBXBuildFile; fileRef = CDEE422623A04CCC00C57D87 /* ReadViewController.swift */; };
		CDEE422923A0594600C57D87 /* CollectionViewCell.swift in Sources */ = {isa = PBXBuildFile; fileRef = CDEE422823A0594600C57D87 /* CollectionViewCell.swift */; };
/* End PBXBuildFile section */

/* Begin PBXFileReference section */
		27D3054075D395D967EC8338 /* Pods-ComicApp.debug.xcconfig */ = {isa = PBXFileReference; includeInIndex = 1; lastKnownFileType = text.xcconfig; name = "Pods-ComicApp.debug.xcconfig"; path = "Target Support Files/Pods-ComicApp/Pods-ComicApp.debug.xcconfig"; sourceTree = "<group>"; };
		5F02595A239FD7A40023FA30 /* TabBarController.swift */ = {isa = PBXFileReference; lastKnownFileType = sourcecode.swift; path = TabBarController.swift; sourceTree = "<group>"; };
		5F88C0C1239E855000297359 /* GoogleService-Info.plist */ = {isa = PBXFileReference; fileEncoding = 4; lastKnownFileType = text.plist.xml; path = "GoogleService-Info.plist"; sourceTree = "<group>"; };
		5F88C0CC239E91B200297359 /* LoginViewController.swift */ = {isa = PBXFileReference; lastKnownFileType = sourcecode.swift; path = LoginViewController.swift; sourceTree = "<group>"; };
		5F88C0CE239E91DB00297359 /* SignUpViewController.swift */ = {isa = PBXFileReference; lastKnownFileType = sourcecode.swift; path = SignUpViewController.swift; sourceTree = "<group>"; };
		5F88C0D0239E920E00297359 /* AccountViewController.swift */ = {isa = PBXFileReference; lastKnownFileType = sourcecode.swift; path = AccountViewController.swift; sourceTree = "<group>"; };
		5FB1E9A923A9298C00316828 /* EditAccountViewController.swift */ = {isa = PBXFileReference; lastKnownFileType = sourcecode.swift; path = EditAccountViewController.swift; sourceTree = "<group>"; };
		5FB1E9AB23A929BA00316828 /* ChangePasswordViewController.swift */ = {isa = PBXFileReference; lastKnownFileType = sourcecode.swift; path = ChangePasswordViewController.swift; sourceTree = "<group>"; };
		5FDCA810239F9BEC00FEC38E /* Utilities.swift */ = {isa = PBXFileReference; lastKnownFileType = sourcecode.swift; path = Utilities.swift; sourceTree = SOURCE_ROOT; };
		5FDCA812239F9C2000FEC38E /* User.swift */ = {isa = PBXFileReference; lastKnownFileType = sourcecode.swift; name = User.swift; path = ComicApp/Model/User.swift; sourceTree = SOURCE_ROOT; };
		5FE05574239C26F30000F144 /* ComicApp.app */ = {isa = PBXFileReference; explicitFileType = wrapper.application; includeInIndex = 0; path = ComicApp.app; sourceTree = BUILT_PRODUCTS_DIR; };
		5FE05577239C26F30000F144 /* AppDelegate.swift */ = {isa = PBXFileReference; lastKnownFileType = sourcecode.swift; path = AppDelegate.swift; sourceTree = "<group>"; };
		5FE05579239C26F30000F144 /* SceneDelegate.swift */ = {isa = PBXFileReference; lastKnownFileType = sourcecode.swift; path = SceneDelegate.swift; sourceTree = "<group>"; };
		5FE0557B239C26F30000F144 /* ViewController.swift */ = {isa = PBXFileReference; lastKnownFileType = sourcecode.swift; path = ViewController.swift; sourceTree = "<group>"; };
		5FE0557E239C26F30000F144 /* Base */ = {isa = PBXFileReference; lastKnownFileType = file.storyboard; name = Base; path = Base.lproj/Main.storyboard; sourceTree = "<group>"; };
		5FE05580239C27760000F144 /* Assets.xcassets */ = {isa = PBXFileReference; lastKnownFileType = folder.assetcatalog; path = Assets.xcassets; sourceTree = "<group>"; };
		5FE05583239C27770000F144 /* Base */ = {isa = PBXFileReference; lastKnownFileType = file.storyboard; name = Base; path = Base.lproj/LaunchScreen.storyboard; sourceTree = "<group>"; };
		5FE05585239C27770000F144 /* Info.plist */ = {isa = PBXFileReference; lastKnownFileType = text.plist.xml; path = Info.plist; sourceTree = "<group>"; };
		7FEF9E3AEDD046981FFBA2E5 /* Pods-ComicApp.release.xcconfig */ = {isa = PBXFileReference; includeInIndex = 1; lastKnownFileType = text.xcconfig; name = "Pods-ComicApp.release.xcconfig"; path = "Target Support Files/Pods-ComicApp/Pods-ComicApp.release.xcconfig"; sourceTree = "<group>"; };
		CA689EF98AEB5FF695E81ED7 /* Pods_ComicApp.framework */ = {isa = PBXFileReference; explicitFileType = wrapper.framework; includeInIndex = 0; path = Pods_ComicApp.framework; sourceTree = BUILT_PRODUCTS_DIR; };
		CD2D4C3E23A07E97005B049E /* InfoViewController.swift */ = {isa = PBXFileReference; lastKnownFileType = sourcecode.swift; path = InfoViewController.swift; sourceTree = "<group>"; };
		CD2D4C4023A07F3D005B049E /* Comic.swift */ = {isa = PBXFileReference; lastKnownFileType = sourcecode.swift; path = Comic.swift; sourceTree = "<group>"; };
		CD2D4C4223A08534005B049E /* ChapterViewController.swift */ = {isa = PBXFileReference; lastKnownFileType = sourcecode.swift; path = ChapterViewController.swift; sourceTree = "<group>"; };
		CDE8CA7B23A9B44000ED87F1 /* ShowChapViewController.swift */ = {isa = PBXFileReference; lastKnownFileType = sourcecode.swift; path = ShowChapViewController.swift; sourceTree = "<group>"; };
		CDEE422623A04CCC00C57D87 /* ReadViewController.swift */ = {isa = PBXFileReference; lastKnownFileType = sourcecode.swift; path = ReadViewController.swift; sourceTree = "<group>"; };
		CDEE422823A0594600C57D87 /* CollectionViewCell.swift */ = {isa = PBXFileReference; lastKnownFileType = sourcecode.swift; path = CollectionViewCell.swift; sourceTree = "<group>"; };
/* End PBXFileReference section */

/* Begin PBXFrameworksBuildPhase section */
		5FE05571239C26F20000F144 /* Frameworks */ = {
			isa = PBXFrameworksBuildPhase;
			buildActionMask = 2147483647;
			files = (
				813087958ADADB0B228F7226 /* Pods_ComicApp.framework in Frameworks */,
			);
			runOnlyForDeploymentPostprocessing = 0;
		};
/* End PBXFrameworksBuildPhase section */

/* Begin PBXGroup section */
		5F88C0C3239E8A3100297359 /* Helper */ = {
			isa = PBXGroup;
			children = (
				5FDCA810239F9BEC00FEC38E /* Utilities.swift */,
			);
			path = Helper;
			sourceTree = "<group>";
		};
		5F88C0C4239E8A4300297359 /* Model */ = {
			isa = PBXGroup;
			children = (
				5FDCA812239F9C2000FEC38E /* User.swift */,
				CD2D4C4023A07F3D005B049E /* Comic.swift */,
			);
			path = Model;
			sourceTree = "<group>";
		};
		5F88C0C7239E8A7B00297359 /* ViewController */ = {
			isa = PBXGroup;
			children = (
				5F88C0D0239E920E00297359 /* AccountViewController.swift */,
				5F88C0CC239E91B200297359 /* LoginViewController.swift */,
				5F88C0CE239E91DB00297359 /* SignUpViewController.swift */,
				5FB1E9A923A9298C00316828 /* EditAccountViewController.swift */,
				5FB1E9AB23A929BA00316828 /* ChangePasswordViewController.swift */,
				CDEE422623A04CCC00C57D87 /* ReadViewController.swift */,
				CDEE422823A0594600C57D87 /* CollectionViewCell.swift */,
				CD2D4C3E23A07E97005B049E /* InfoViewController.swift */,
				CD2D4C4223A08534005B049E /* ChapterViewController.swift */,
				CDE8CA7B23A9B44000ED87F1 /* ShowChapViewController.swift */,
			);
			path = ViewController;
			sourceTree = "<group>";
		};
		5FE0556B239C26F20000F144 = {
			isa = PBXGroup;
			children = (
				5FE05576239C26F30000F144 /* ComicApp */,
				5FE05575239C26F30000F144 /* Products */,
				A087EB3804460B9CD67A06C8 /* Pods */,
				AAA6CA6A946BC06EE54B90DE /* Frameworks */,
			);
			sourceTree = "<group>";
		};
		5FE05575239C26F30000F144 /* Products */ = {
			isa = PBXGroup;
			children = (
				5FE05574239C26F30000F144 /* ComicApp.app */,
			);
			name = Products;
			sourceTree = "<group>";
		};
		5FE05576239C26F30000F144 /* ComicApp */ = {
			isa = PBXGroup;
			children = (
				5F88C0C3239E8A3100297359 /* Helper */,
				5F88C0C4239E8A4300297359 /* Model */,
				5F88C0C7239E8A7B00297359 /* ViewController */,
				5FE05577239C26F30000F144 /* AppDelegate.swift */,
				5FE05579239C26F30000F144 /* SceneDelegate.swift */,
				5F02595A239FD7A40023FA30 /* TabBarController.swift */,
				5FE0557B239C26F30000F144 /* ViewController.swift */,
				5FE0557D239C26F30000F144 /* Main.storyboard */,
				5FE05580239C27760000F144 /* Assets.xcassets */,
				5FE05582239C27770000F144 /* LaunchScreen.storyboard */,
				5FE05585239C27770000F144 /* Info.plist */,
				5F88C0C1239E855000297359 /* GoogleService-Info.plist */,
			);
			path = ComicApp;
			sourceTree = "<group>";
		};
		A087EB3804460B9CD67A06C8 /* Pods */ = {
			isa = PBXGroup;
			children = (
				27D3054075D395D967EC8338 /* Pods-ComicApp.debug.xcconfig */,
				7FEF9E3AEDD046981FFBA2E5 /* Pods-ComicApp.release.xcconfig */,
			);
			path = Pods;
			sourceTree = "<group>";
		};
		AAA6CA6A946BC06EE54B90DE /* Frameworks */ = {
			isa = PBXGroup;
			children = (
				CA689EF98AEB5FF695E81ED7 /* Pods_ComicApp.framework */,
			);
			name = Frameworks;
			sourceTree = "<group>";
		};
/* End PBXGroup section */

/* Begin PBXNativeTarget section */
		5FE05573239C26F20000F144 /* ComicApp */ = {
			isa = PBXNativeTarget;
			buildConfigurationList = 5FE05588239C27770000F144 /* Build configuration list for PBXNativeTarget "ComicApp" */;
			buildPhases = (
				E669FC6DEFD0D345EE42E67F /* [CP] Check Pods Manifest.lock */,
				5FE05570239C26F20000F144 /* Sources */,
				5FE05571239C26F20000F144 /* Frameworks */,
				5FE05572239C26F20000F144 /* Resources */,
				442237E2144AABC6CFED289D /* [CP] Embed Pods Frameworks */,
			);
			buildRules = (
			);
			dependencies = (
			);
			name = ComicApp;
			productName = ComicApp;
			productReference = 5FE05574239C26F30000F144 /* ComicApp.app */;
			productType = "com.apple.product-type.application";
		};
/* End PBXNativeTarget section */

/* Begin PBXProject section */
		5FE0556C239C26F20000F144 /* Project object */ = {
			isa = PBXProject;
			attributes = {
				LastSwiftUpdateCheck = 1120;
				LastUpgradeCheck = 1120;
				ORGANIZATIONNAME = "Le Van Anh";
				TargetAttributes = {
					5FE05573239C26F20000F144 = {
						CreatedOnToolsVersion = 11.2.1;
					};
				};
			};
			buildConfigurationList = 5FE0556F239C26F20000F144 /* Build configuration list for PBXProject "ComicApp" */;
			compatibilityVersion = "Xcode 9.3";
			developmentRegion = en;
			hasScannedForEncodings = 0;
			knownRegions = (
				en,
				Base,
			);
			mainGroup = 5FE0556B239C26F20000F144;
			productRefGroup = 5FE05575239C26F30000F144 /* Products */;
			projectDirPath = "";
			projectRoot = "";
			targets = (
				5FE05573239C26F20000F144 /* ComicApp */,
			);
		};
/* End PBXProject section */

/* Begin PBXResourcesBuildPhase section */
		5FE05572239C26F20000F144 /* Resources */ = {
			isa = PBXResourcesBuildPhase;
			buildActionMask = 2147483647;
			files = (
				5FE05584239C27770000F144 /* LaunchScreen.storyboard in Resources */,
				5F88C0C2239E855100297359 /* GoogleService-Info.plist in Resources */,
				5FE05581239C27760000F144 /* Assets.xcassets in Resources */,
				5FE0557F239C26F30000F144 /* Main.storyboard in Resources */,
			);
			runOnlyForDeploymentPostprocessing = 0;
		};
/* End PBXResourcesBuildPhase section */

/* Begin PBXShellScriptBuildPhase section */
		442237E2144AABC6CFED289D /* [CP] Embed Pods Frameworks */ = {
			isa = PBXShellScriptBuildPhase;
			buildActionMask = 2147483647;
			files = (
			);
			inputFileListPaths = (
				"${PODS_ROOT}/Target Support Files/Pods-ComicApp/Pods-ComicApp-frameworks-${CONFIGURATION}-input-files.xcfilelist",
			);
			name = "[CP] Embed Pods Frameworks";
			outputFileListPaths = (
				"${PODS_ROOT}/Target Support Files/Pods-ComicApp/Pods-ComicApp-frameworks-${CONFIGURATION}-output-files.xcfilelist",
			);
			runOnlyForDeploymentPostprocessing = 0;
			shellPath = /bin/sh;
			shellScript = "\"${PODS_ROOT}/Target Support Files/Pods-ComicApp/Pods-ComicApp-frameworks.sh\"\n";
			showEnvVarsInLog = 0;
		};
		E669FC6DEFD0D345EE42E67F /* [CP] Check Pods Manifest.lock */ = {
			isa = PBXShellScriptBuildPhase;
			buildActionMask = 2147483647;
			files = (
			);
			inputFileListPaths = (
			);
			inputPaths = (
				"${PODS_PODFILE_DIR_PATH}/Podfile.lock",
				"${PODS_ROOT}/Manifest.lock",
			);
			name = "[CP] Check Pods Manifest.lock";
			outputFileListPaths = (
			);
			outputPaths = (
				"$(DERIVED_FILE_DIR)/Pods-ComicApp-checkManifestLockResult.txt",
			);
			runOnlyForDeploymentPostprocessing = 0;
			shellPath = /bin/sh;
			shellScript = "diff \"${PODS_PODFILE_DIR_PATH}/Podfile.lock\" \"${PODS_ROOT}/Manifest.lock\" > /dev/null\nif [ $? != 0 ] ; then\n    # print error to STDERR\n    echo \"error: The sandbox is not in sync with the Podfile.lock. Run 'pod install' or update your CocoaPods installation.\" >&2\n    exit 1\nfi\n# This output is used by Xcode 'outputs' to avoid re-running this script phase.\necho \"SUCCESS\" > \"${SCRIPT_OUTPUT_FILE_0}\"\n";
			showEnvVarsInLog = 0;
		};
/* End PBXShellScriptBuildPhase section */

/* Begin PBXSourcesBuildPhase section */
		5FE05570239C26F20000F144 /* Sources */ = {
			isa = PBXSourcesBuildPhase;
			buildActionMask = 2147483647;
			files = (
				5F88C0CF239E91DB00297359 /* SignUpViewController.swift in Sources */,
				5FE0557C239C26F30000F144 /* ViewController.swift in Sources */,
				5FDCA811239F9BEC00FEC38E /* Utilities.swift in Sources */,
				CDE8CA7C23A9B44000ED87F1 /* ShowChapViewController.swift in Sources */,
				5F02595B239FD7A40023FA30 /* TabBarController.swift in Sources */,
				CDEE422723A04CCC00C57D87 /* ReadViewController.swift in Sources */,
				5F88C0D1239E920E00297359 /* AccountViewController.swift in Sources */,
				5FDCA813239F9C2000FEC38E /* User.swift in Sources */,
				5FE05578239C26F30000F144 /* AppDelegate.swift in Sources */,
				5FE0557A239C26F30000F144 /* SceneDelegate.swift in Sources */,
				5FB1E9AC23A929BA00316828 /* ChangePasswordViewController.swift in Sources */,
				CD2D4C4123A07F3D005B049E /* Comic.swift in Sources */,
				CD2D4C4323A08534005B049E /* ChapterViewController.swift in Sources */,
				5F88C0CD239E91B200297359 /* LoginViewController.swift in Sources */,
				5FB1E9AA23A9298D00316828 /* EditAccountViewController.swift in Sources */,
				CD2D4C3F23A07E97005B049E /* InfoViewController.swift in Sources */,
				CDEE422923A0594600C57D87 /* CollectionViewCell.swift in Sources */,
			);
			runOnlyForDeploymentPostprocessing = 0;
		};
/* End PBXSourcesBuildPhase section */

/* Begin PBXVariantGroup section */
		5FE0557D239C26F30000F144 /* Main.storyboard */ = {
			isa = PBXVariantGroup;
			children = (
				5FE0557E239C26F30000F144 /* Base */,
			);
			name = Main.storyboard;
			sourceTree = "<group>";
		};
		5FE05582239C27770000F144 /* LaunchScreen.storyboard */ = {
			isa = PBXVariantGroup;
			children = (
				5FE05583239C27770000F144 /* Base */,
			);
			name = LaunchScreen.storyboard;
			sourceTree = "<group>";
		};
/* End PBXVariantGroup section */

/* Begin XCBuildConfiguration section */
		5FE05586239C27770000F144 /* Debug */ = {
			isa = XCBuildConfiguration;
			buildSettings = {
				ALWAYS_SEARCH_USER_PATHS = NO;
				CLANG_ANALYZER_NONNULL = YES;
				CLANG_ANALYZER_NUMBER_OBJECT_CONVERSION = YES_AGGRESSIVE;
				CLANG_CXX_LANGUAGE_STANDARD = "gnu++14";
				CLANG_CXX_LIBRARY = "libc++";
				CLANG_ENABLE_MODULES = YES;
				CLANG_ENABLE_OBJC_ARC = YES;
				CLANG_ENABLE_OBJC_WEAK = YES;
				CLANG_WARN_BLOCK_CAPTURE_AUTORELEASING = YES;
				CLANG_WARN_BOOL_CONVERSION = YES;
				CLANG_WARN_COMMA = YES;
				CLANG_WARN_CONSTANT_CONVERSION = YES;
				CLANG_WARN_DEPRECATED_OBJC_IMPLEMENTATIONS = YES;
				CLANG_WARN_DIRECT_OBJC_ISA_USAGE = YES_ERROR;
				CLANG_WARN_DOCUMENTATION_COMMENTS = YES;
				CLANG_WARN_EMPTY_BODY = YES;
				CLANG_WARN_ENUM_CONVERSION = YES;
				CLANG_WARN_INFINITE_RECURSION = YES;
				CLANG_WARN_INT_CONVERSION = YES;
				CLANG_WARN_NON_LITERAL_NULL_CONVERSION = YES;
				CLANG_WARN_OBJC_IMPLICIT_RETAIN_SELF = YES;
				CLANG_WARN_OBJC_LITERAL_CONVERSION = YES;
				CLANG_WARN_OBJC_ROOT_CLASS = YES_ERROR;
				CLANG_WARN_RANGE_LOOP_ANALYSIS = YES;
				CLANG_WARN_STRICT_PROTOTYPES = YES;
				CLANG_WARN_SUSPICIOUS_MOVE = YES;
				CLANG_WARN_UNGUARDED_AVAILABILITY = YES_AGGRESSIVE;
				CLANG_WARN_UNREACHABLE_CODE = YES;
				CLANG_WARN__DUPLICATE_METHOD_MATCH = YES;
				COPY_PHASE_STRIP = NO;
				DEBUG_INFORMATION_FORMAT = dwarf;
				ENABLE_STRICT_OBJC_MSGSEND = YES;
				ENABLE_TESTABILITY = YES;
				GCC_C_LANGUAGE_STANDARD = gnu11;
				GCC_DYNAMIC_NO_PIC = NO;
				GCC_NO_COMMON_BLOCKS = YES;
				GCC_OPTIMIZATION_LEVEL = 0;
				GCC_PREPROCESSOR_DEFINITIONS = (
					"DEBUG=1",
					"$(inherited)",
				);
				GCC_WARN_64_TO_32_BIT_CONVERSION = YES;
				GCC_WARN_ABOUT_RETURN_TYPE = YES_ERROR;
				GCC_WARN_UNDECLARED_SELECTOR = YES;
				GCC_WARN_UNINITIALIZED_AUTOS = YES_AGGRESSIVE;
				GCC_WARN_UNUSED_FUNCTION = YES;
				GCC_WARN_UNUSED_VARIABLE = YES;
				IPHONEOS_DEPLOYMENT_TARGET = 13.2;
				MTL_ENABLE_DEBUG_INFO = INCLUDE_SOURCE;
				MTL_FAST_MATH = YES;
				ONLY_ACTIVE_ARCH = YES;
				SDKROOT = iphoneos;
				SWIFT_ACTIVE_COMPILATION_CONDITIONS = DEBUG;
				SWIFT_OPTIMIZATION_LEVEL = "-Onone";
			};
			name = Debug;
		};
		5FE05587239C27770000F144 /* Release */ = {
			isa = XCBuildConfiguration;
			buildSettings = {
				ALWAYS_SEARCH_USER_PATHS = NO;
				CLANG_ANALYZER_NONNULL = YES;
				CLANG_ANALYZER_NUMBER_OBJECT_CONVERSION = YES_AGGRESSIVE;
				CLANG_CXX_LANGUAGE_STANDARD = "gnu++14";
				CLANG_CXX_LIBRARY = "libc++";
				CLANG_ENABLE_MODULES = YES;
				CLANG_ENABLE_OBJC_ARC = YES;
				CLANG_ENABLE_OBJC_WEAK = YES;
				CLANG_WARN_BLOCK_CAPTURE_AUTORELEASING = YES;
				CLANG_WARN_BOOL_CONVERSION = YES;
				CLANG_WARN_COMMA = YES;
				CLANG_WARN_CONSTANT_CONVERSION = YES;
				CLANG_WARN_DEPRECATED_OBJC_IMPLEMENTATIONS = YES;
				CLANG_WARN_DIRECT_OBJC_ISA_USAGE = YES_ERROR;
				CLANG_WARN_DOCUMENTATION_COMMENTS = YES;
				CLANG_WARN_EMPTY_BODY = YES;
				CLANG_WARN_ENUM_CONVERSION = YES;
				CLANG_WARN_INFINITE_RECURSION = YES;
				CLANG_WARN_INT_CONVERSION = YES;
				CLANG_WARN_NON_LITERAL_NULL_CONVERSION = YES;
				CLANG_WARN_OBJC_IMPLICIT_RETAIN_SELF = YES;
				CLANG_WARN_OBJC_LITERAL_CONVERSION = YES;
				CLANG_WARN_OBJC_ROOT_CLASS = YES_ERROR;
				CLANG_WARN_RANGE_LOOP_ANALYSIS = YES;
				CLANG_WARN_STRICT_PROTOTYPES = YES;
				CLANG_WARN_SUSPICIOUS_MOVE = YES;
				CLANG_WARN_UNGUARDED_AVAILABILITY = YES_AGGRESSIVE;
				CLANG_WARN_UNREACHABLE_CODE = YES;
				CLANG_WARN__DUPLICATE_METHOD_MATCH = YES;
				COPY_PHASE_STRIP = NO;
				DEBUG_INFORMATION_FORMAT = "dwarf-with-dsym";
				ENABLE_NS_ASSERTIONS = NO;
				ENABLE_STRICT_OBJC_MSGSEND = YES;
				GCC_C_LANGUAGE_STANDARD = gnu11;
				GCC_NO_COMMON_BLOCKS = YES;
				GCC_WARN_64_TO_32_BIT_CONVERSION = YES;
				GCC_WARN_ABOUT_RETURN_TYPE = YES_ERROR;
				GCC_WARN_UNDECLARED_SELECTOR = YES;
				GCC_WARN_UNINITIALIZED_AUTOS = YES_AGGRESSIVE;
				GCC_WARN_UNUSED_FUNCTION = YES;
				GCC_WARN_UNUSED_VARIABLE = YES;
				IPHONEOS_DEPLOYMENT_TARGET = 13.2;
				MTL_ENABLE_DEBUG_INFO = NO;
				MTL_FAST_MATH = YES;
				SDKROOT = iphoneos;
				SWIFT_COMPILATION_MODE = wholemodule;
				SWIFT_OPTIMIZATION_LEVEL = "-O";
				VALIDATE_PRODUCT = YES;
			};
			name = Release;
		};
		5FE05589239C27770000F144 /* Debug */ = {
			isa = XCBuildConfiguration;
			baseConfigurationReference = 27D3054075D395D967EC8338 /* Pods-ComicApp.debug.xcconfig */;
			buildSettings = {
				ASSETCATALOG_COMPILER_APPICON_NAME = AppIcon;
				CODE_SIGN_STYLE = Automatic;
				INFOPLIST_FILE = ComicApp/Info.plist;
				LD_RUNPATH_SEARCH_PATHS = (
					"$(inherited)",
					"@executable_path/Frameworks",
				);
				PRODUCT_BUNDLE_IDENTIFIER = "ios-75-82.ComicApp";
				PRODUCT_NAME = "$(TARGET_NAME)";
				SWIFT_VERSION = 5.0;
				TARGETED_DEVICE_FAMILY = "1,2";
			};
			name = Debug;
		};
		5FE0558A239C27770000F144 /* Release */ = {
			isa = XCBuildConfiguration;
			baseConfigurationReference = 7FEF9E3AEDD046981FFBA2E5 /* Pods-ComicApp.release.xcconfig */;
			buildSettings = {
				ASSETCATALOG_COMPILER_APPICON_NAME = AppIcon;
				CODE_SIGN_STYLE = Automatic;
				INFOPLIST_FILE = ComicApp/Info.plist;
				LD_RUNPATH_SEARCH_PATHS = (
					"$(inherited)",
					"@executable_path/Frameworks",
				);
				PRODUCT_BUNDLE_IDENTIFIER = "ios-75-82.ComicApp";
				PRODUCT_NAME = "$(TARGET_NAME)";
				SWIFT_VERSION = 5.0;
				TARGETED_DEVICE_FAMILY = "1,2";
			};
			name = Release;
		};
/* End XCBuildConfiguration section */

/* Begin XCConfigurationList section */
		5FE0556F239C26F20000F144 /* Build configuration list for PBXProject "ComicApp" */ = {
			isa = XCConfigurationList;
			buildConfigurations = (
				5FE05586239C27770000F144 /* Debug */,
				5FE05587239C27770000F144 /* Release */,
			);
			defaultConfigurationIsVisible = 0;
			defaultConfigurationName = Release;
		};
		5FE05588239C27770000F144 /* Build configuration list for PBXNativeTarget "ComicApp" */ = {
			isa = XCConfigurationList;
			buildConfigurations = (
				5FE05589239C27770000F144 /* Debug */,
				5FE0558A239C27770000F144 /* Release */,
			);
			defaultConfigurationIsVisible = 0;
			defaultConfigurationName = Release;
		};
/* End XCConfigurationList section */
	};
	rootObject = 5FE0556C239C26F20000F144 /* Project object */;
}
